[[package]]
name = "asgiref"
version = "3.4.1"
description = "ASGI specs, helper code, and adapters"
category = "main"
optional = false
python-versions = ">=3.6"

[package.dependencies]
typing-extensions = {version = "*", markers = "python_version < \"3.8\""}

[package.extras]
tests = ["pytest", "pytest-asyncio", "mypy (>=0.800)"]

[[package]]
name = "black"
version = "22.3.0"
description = "The uncompromising code formatter."
category = "dev"
optional = false
python-versions = ">=3.6.2"

[package.dependencies]
click = ">=8.0.0"
mypy-extensions = ">=0.4.3"
pathspec = ">=0.9.0"
platformdirs = ">=2"
tomli = {version = ">=1.1.0", markers = "python_version < \"3.11\""}
typed-ast = {version = ">=1.4.2", markers = "python_version < \"3.8\" and implementation_name == \"cpython\""}
typing-extensions = {version = ">=3.10.0.0", markers = "python_version < \"3.10\""}

[package.extras]
colorama = ["colorama (>=0.4.3)"]
d = ["aiohttp (>=3.7.4)"]
jupyter = ["ipython (>=7.8.0)", "tokenize-rt (>=3.2.0)"]
uvloop = ["uvloop (>=0.15.2)"]

[[package]]
name = "cffi"
version = "1.15.0"
description = "Foreign Function Interface for Python calling C code."
category = "main"
optional = false
python-versions = "*"

[package.dependencies]
pycparser = "*"

[[package]]
name = "click"
version = "8.0.3"
description = "Composable command line interface toolkit"
category = "dev"
optional = false
python-versions = ">=3.6"

[package.dependencies]
colorama = {version = "*", markers = "platform_system == \"Windows\""}
importlib-metadata = {version = "*", markers = "python_version < \"3.8\""}

[[package]]
name = "colorama"
version = "0.4.4"
description = "Cross-platform colored terminal text."
category = "dev"
optional = false
python-versions = ">=2.7, !=3.0.*, !=3.1.*, !=3.2.*, !=3.3.*, !=3.4.*"

[[package]]
name = "coverage"
version = "6.3.2"
description = "Code coverage measurement for Python"
category = "dev"
optional = false
python-versions = ">=3.7"

[package.extras]
toml = ["tomli"]

[[package]]
name = "django"
version = "3.2.13"
description = "A high-level Python Web framework that encourages rapid development and clean, pragmatic design."
category = "main"
optional = false
python-versions = ">=3.6"

[package.dependencies]
asgiref = ">=3.3.2,<4"
pytz = "*"
sqlparse = ">=0.2.2"

[package.extras]
argon2 = ["argon2-cffi (>=19.1.0)"]
bcrypt = ["bcrypt"]

[[package]]
name = "flake8"
version = "4.0.1"
description = "the modular source code checker: pep8 pyflakes and co"
category = "dev"
optional = false
python-versions = ">=3.6"

[package.dependencies]
importlib-metadata = {version = "<4.3", markers = "python_version < \"3.8\""}
mccabe = ">=0.6.0,<0.7.0"
pycodestyle = ">=2.8.0,<2.9.0"
pyflakes = ">=2.4.0,<2.5.0"

[[package]]
name = "importlib-metadata"
version = "4.2.0"
description = "Read metadata from Python packages"
category = "dev"
optional = false
python-versions = ">=3.6"

[package.dependencies]
typing-extensions = {version = ">=3.6.4", markers = "python_version < \"3.8\""}
zipp = ">=0.5"

[package.extras]
docs = ["sphinx", "jaraco.packaging (>=8.2)", "rst.linker (>=1.9)"]
testing = ["pytest (>=4.6)", "pytest-checkdocs (>=2.4)", "pytest-flake8", "pytest-cov", "pytest-enabler (>=1.0.1)", "packaging", "pep517", "pyfakefs", "flufl.flake8", "pytest-black (>=0.3.7)", "pytest-mypy", "importlib-resources (>=1.3)"]

[[package]]
name = "isort"
version = "5.10.1"
description = "A Python utility / library to sort Python imports."
category = "dev"
optional = false
python-versions = ">=3.6.1,<4.0"

[package.extras]
pipfile_deprecated_finder = ["pipreqs", "requirementslib"]
requirements_deprecated_finder = ["pipreqs", "pip-api"]
colors = ["colorama (>=0.4.3,<0.5.0)"]
plugins = ["setuptools"]

[[package]]
name = "markdown2"
version = "2.4.2"
description = "A fast and complete Python implementation of Markdown"
category = "main"
optional = false
python-versions = ">=3.5, <4"

[[package]]
name = "mccabe"
version = "0.6.1"
description = "McCabe checker, plugin for flake8"
category = "dev"
optional = false
python-versions = "*"

[[package]]
name = "mypy-extensions"
version = "0.4.3"
description = "Experimental type system extensions for programs checked with the mypy typechecker."
category = "dev"
optional = false
python-versions = "*"

[[package]]
name = "pathspec"
version = "0.9.0"
description = "Utility library for gitignore style pattern matching of file paths."
category = "dev"
optional = false
python-versions = "!=3.0.*,!=3.1.*,!=3.2.*,!=3.3.*,!=3.4.*,>=2.7"

[[package]]
name = "platformdirs"
version = "2.4.0"
description = "A small Python module for determining appropriate platform-specific dirs, e.g. a \"user data dir\"."
category = "dev"
optional = false
python-versions = ">=3.6"

[package.extras]
docs = ["Sphinx (>=4)", "furo (>=2021.7.5b38)", "proselint (>=0.10.2)", "sphinx-autodoc-typehints (>=1.12)"]
test = ["appdirs (==1.4.4)", "pytest (>=6)", "pytest-cov (>=2.7)", "pytest-mock (>=3.6)"]

[[package]]
name = "pycodestyle"
version = "2.8.0"
description = "Python style guide checker"
category = "dev"
optional = false
python-versions = ">=2.7, !=3.0.*, !=3.1.*, !=3.2.*, !=3.3.*, !=3.4.*"

[[package]]
name = "pycparser"
version = "2.21"
description = "C parser in Python"
category = "main"
optional = false
python-versions = ">=2.7, !=3.0.*, !=3.1.*, !=3.2.*, !=3.3.*"

[[package]]
name = "pyflakes"
version = "2.4.0"
description = "passive checker of Python programs"
category = "dev"
optional = false
python-versions = ">=2.7, !=3.0.*, !=3.1.*, !=3.2.*, !=3.3.*"

[[package]]
name = "pytz"
version = "2021.3"
description = "World timezone definitions, modern and historical"
category = "main"
optional = false
python-versions = "*"

[[package]]
name = "refract"
version = "0.4.0"
description = "A Python library for interacting with Refract."
category = "main"
optional = false
python-versions = "*"

[[package]]
name = "sqlparse"
version = "0.4.2"
description = "A non-validating SQL parser."
category = "main"
optional = false
python-versions = ">=3.5"

[[package]]
name = "tomli"
version = "1.2.2"
description = "A lil' TOML parser"
category = "dev"
optional = false
python-versions = ">=3.6"

[[package]]
name = "typed-ast"
version = "1.5.1"
description = "a fork of Python 2 and 3 ast modules with type comment support"
category = "dev"
optional = false
python-versions = ">=3.6"

[[package]]
name = "typing-extensions"
version = "4.0.1"
description = "Backported and Experimental Type Hints for Python 3.6+"
category = "main"
optional = false
python-versions = ">=3.6"

[[package]]
name = "zipp"
version = "3.6.0"
description = "Backport of pathlib-compatible object wrapper for zip files"
category = "dev"
optional = false
python-versions = ">=3.6"

[package.extras]
docs = ["sphinx", "jaraco.packaging (>=8.2)", "rst.linker (>=1.9)"]
testing = ["pytest (>=4.6)", "pytest-checkdocs (>=2.4)", "pytest-flake8", "pytest-cov", "pytest-enabler (>=1.0.1)", "jaraco.itertools", "func-timeout", "pytest-black (>=0.3.7)", "pytest-mypy"]

[metadata]
lock-version = "1.1"
python-versions = "^3.7"
content-hash = "d2b8a100844c452752395dbc40f2b2d8c87dd6596205057306fd130fcb28216e"

[metadata.files]
asgiref = [
    {file = "asgiref-3.4.1-py3-none-any.whl", hash = "sha256:ffc141aa908e6f175673e7b1b3b7af4fdb0ecb738fc5c8b88f69f055c2415214"},
    {file = "asgiref-3.4.1.tar.gz", hash = "sha256:4ef1ab46b484e3c706329cedeff284a5d40824200638503f5768edb6de7d58e9"},
]
black = [
    {file = "black-22.3.0-cp310-cp310-macosx_10_9_universal2.whl", hash = "sha256:2497f9c2386572e28921fa8bec7be3e51de6801f7459dffd6e62492531c47e09"},
    {file = "black-22.3.0-cp310-cp310-macosx_10_9_x86_64.whl", hash = "sha256:5795a0375eb87bfe902e80e0c8cfaedf8af4d49694d69161e5bd3206c18618bb"},
    {file = "black-22.3.0-cp310-cp310-macosx_11_0_arm64.whl", hash = "sha256:e3556168e2e5c49629f7b0f377070240bd5511e45e25a4497bb0073d9dda776a"},
    {file = "black-22.3.0-cp310-cp310-manylinux_2_17_x86_64.manylinux2014_x86_64.whl", hash = "sha256:67c8301ec94e3bcc8906740fe071391bce40a862b7be0b86fb5382beefecd968"},
    {file = "black-22.3.0-cp310-cp310-win_amd64.whl", hash = "sha256:fd57160949179ec517d32ac2ac898b5f20d68ed1a9c977346efbac9c2f1e779d"},
    {file = "black-22.3.0-cp36-cp36m-macosx_10_9_x86_64.whl", hash = "sha256:cc1e1de68c8e5444e8f94c3670bb48a2beef0e91dddfd4fcc29595ebd90bb9ce"},
    {file = "black-22.3.0-cp36-cp36m-manylinux_2_17_x86_64.manylinux2014_x86_64.whl", hash = "sha256:6d2fc92002d44746d3e7db7cf9313cf4452f43e9ea77a2c939defce3b10b5c82"},
    {file = "black-22.3.0-cp36-cp36m-win_amd64.whl", hash = "sha256:a6342964b43a99dbc72f72812bf88cad8f0217ae9acb47c0d4f141a6416d2d7b"},
    {file = "black-22.3.0-cp37-cp37m-macosx_10_9_x86_64.whl", hash = "sha256:328efc0cc70ccb23429d6be184a15ce613f676bdfc85e5fe8ea2a9354b4e9015"},
    {file = "black-22.3.0-cp37-cp37m-manylinux_2_17_x86_64.manylinux2014_x86_64.whl", hash = "sha256:06f9d8846f2340dfac80ceb20200ea5d1b3f181dd0556b47af4e8e0b24fa0a6b"},
    {file = "black-22.3.0-cp37-cp37m-win_amd64.whl", hash = "sha256:ad4efa5fad66b903b4a5f96d91461d90b9507a812b3c5de657d544215bb7877a"},
    {file = "black-22.3.0-cp38-cp38-macosx_10_9_universal2.whl", hash = "sha256:e8477ec6bbfe0312c128e74644ac8a02ca06bcdb8982d4ee06f209be28cdf163"},
    {file = "black-22.3.0-cp38-cp38-macosx_10_9_x86_64.whl", hash = "sha256:637a4014c63fbf42a692d22b55d8ad6968a946b4a6ebc385c5505d9625b6a464"},
    {file = "black-22.3.0-cp38-cp38-macosx_11_0_arm64.whl", hash = "sha256:863714200ada56cbc366dc9ae5291ceb936573155f8bf8e9de92aef51f3ad0f0"},
    {file = "black-22.3.0-cp38-cp38-manylinux_2_17_x86_64.manylinux2014_x86_64.whl", hash = "sha256:10dbe6e6d2988049b4655b2b739f98785a884d4d6b85bc35133a8fb9a2233176"},
    {file = "black-22.3.0-cp38-cp38-win_amd64.whl", hash = "sha256:cee3e11161dde1b2a33a904b850b0899e0424cc331b7295f2a9698e79f9a69a0"},
    {file = "black-22.3.0-cp39-cp39-macosx_10_9_universal2.whl", hash = "sha256:5891ef8abc06576985de8fa88e95ab70641de6c1fca97e2a15820a9b69e51b20"},
    {file = "black-22.3.0-cp39-cp39-macosx_10_9_x86_64.whl", hash = "sha256:30d78ba6bf080eeaf0b7b875d924b15cd46fec5fd044ddfbad38c8ea9171043a"},
    {file = "black-22.3.0-cp39-cp39-macosx_11_0_arm64.whl", hash = "sha256:ee8f1f7228cce7dffc2b464f07ce769f478968bfb3dd1254a4c2eeed84928aad"},
    {file = "black-22.3.0-cp39-cp39-manylinux_2_17_x86_64.manylinux2014_x86_64.whl", hash = "sha256:6ee227b696ca60dd1c507be80a6bc849a5a6ab57ac7352aad1ffec9e8b805f21"},
    {file = "black-22.3.0-cp39-cp39-win_amd64.whl", hash = "sha256:9b542ced1ec0ceeff5b37d69838106a6348e60db7b8fdd245294dc1d26136265"},
    {file = "black-22.3.0-py3-none-any.whl", hash = "sha256:bc58025940a896d7e5356952228b68f793cf5fcb342be703c3a2669a1488cb72"},
    {file = "black-22.3.0.tar.gz", hash = "sha256:35020b8886c022ced9282b51b5a875b6d1ab0c387b31a065b84db7c33085ca79"},
]
cffi = [
    {file = "cffi-1.15.0-cp27-cp27m-macosx_10_9_x86_64.whl", hash = "sha256:c2502a1a03b6312837279c8c1bd3ebedf6c12c4228ddbad40912d671ccc8a962"},
    {file = "cffi-1.15.0-cp27-cp27m-manylinux1_i686.whl", hash = "sha256:23cfe892bd5dd8941608f93348c0737e369e51c100d03718f108bf1add7bd6d0"},
    {file = "cffi-1.15.0-cp27-cp27m-manylinux1_x86_64.whl", hash = "sha256:41d45de54cd277a7878919867c0f08b0cf817605e4eb94093e7516505d3c8d14"},
    {file = "cffi-1.15.0-cp27-cp27m-win32.whl", hash = "sha256:4a306fa632e8f0928956a41fa8e1d6243c71e7eb59ffbd165fc0b41e316b2474"},
    {file = "cffi-1.15.0-cp27-cp27m-win_amd64.whl", hash = "sha256:e7022a66d9b55e93e1a845d8c9eba2a1bebd4966cd8bfc25d9cd07d515b33fa6"},
    {file = "cffi-1.15.0-cp27-cp27mu-manylinux1_i686.whl", hash = "sha256:14cd121ea63ecdae71efa69c15c5543a4b5fbcd0bbe2aad864baca0063cecf27"},
    {file = "cffi-1.15.0-cp27-cp27mu-manylinux1_x86_64.whl", hash = "sha256:d4d692a89c5cf08a8557fdeb329b82e7bf609aadfaed6c0d79f5a449a3c7c023"},
    {file = "cffi-1.15.0-cp310-cp310-macosx_10_9_x86_64.whl", hash = "sha256:0104fb5ae2391d46a4cb082abdd5c69ea4eab79d8d44eaaf79f1b1fd806ee4c2"},
    {file = "cffi-1.15.0-cp310-cp310-macosx_11_0_arm64.whl", hash = "sha256:91ec59c33514b7c7559a6acda53bbfe1b283949c34fe7440bcf917f96ac0723e"},
    {file = "cffi-1.15.0-cp310-cp310-manylinux_2_12_i686.manylinux2010_i686.whl", hash = "sha256:f5c7150ad32ba43a07c4479f40241756145a1f03b43480e058cfd862bf5041c7"},
    {file = "cffi-1.15.0-cp310-cp310-manylinux_2_12_x86_64.manylinux2010_x86_64.whl", hash = "sha256:00c878c90cb53ccfaae6b8bc18ad05d2036553e6d9d1d9dbcf323bbe83854ca3"},
    {file = "cffi-1.15.0-cp310-cp310-manylinux_2_17_aarch64.manylinux2014_aarch64.whl", hash = "sha256:abb9a20a72ac4e0fdb50dae135ba5e77880518e742077ced47eb1499e29a443c"},
    {file = "cffi-1.15.0-cp310-cp310-manylinux_2_17_ppc64le.manylinux2014_ppc64le.whl", hash = "sha256:a5263e363c27b653a90078143adb3d076c1a748ec9ecc78ea2fb916f9b861962"},
    {file = "cffi-1.15.0-cp310-cp310-manylinux_2_17_s390x.manylinux2014_s390x.whl", hash = "sha256:f54a64f8b0c8ff0b64d18aa76675262e1700f3995182267998c31ae974fbc382"},
    {file = "cffi-1.15.0-cp310-cp310-win32.whl", hash = "sha256:c21c9e3896c23007803a875460fb786118f0cdd4434359577ea25eb556e34c55"},
    {file = "cffi-1.15.0-cp310-cp310-win_amd64.whl", hash = "sha256:5e069f72d497312b24fcc02073d70cb989045d1c91cbd53979366077959933e0"},
    {file = "cffi-1.15.0-cp36-cp36m-macosx_10_9_x86_64.whl", hash = "sha256:64d4ec9f448dfe041705426000cc13e34e6e5bb13736e9fd62e34a0b0c41566e"},
    {file = "cffi-1.15.0-cp36-cp36m-manylinux_2_17_aarch64.manylinux2014_aarch64.whl", hash = "sha256:2756c88cbb94231c7a147402476be2c4df2f6078099a6f4a480d239a8817ae39"},
    {file = "cffi-1.15.0-cp36-cp36m-manylinux_2_17_ppc64le.manylinux2014_ppc64le.whl", hash = "sha256:3b96a311ac60a3f6be21d2572e46ce67f09abcf4d09344c49274eb9e0bf345fc"},
    {file = "cffi-1.15.0-cp36-cp36m-manylinux_2_17_s390x.manylinux2014_s390x.whl", hash = "sha256:75e4024375654472cc27e91cbe9eaa08567f7fbdf822638be2814ce059f58032"},
    {file = "cffi-1.15.0-cp36-cp36m-manylinux_2_5_i686.manylinux1_i686.whl", hash = "sha256:59888172256cac5629e60e72e86598027aca6bf01fa2465bdb676d37636573e8"},
    {file = "cffi-1.15.0-cp36-cp36m-manylinux_2_5_x86_64.manylinux1_x86_64.whl", hash = "sha256:27c219baf94952ae9d50ec19651a687b826792055353d07648a5695413e0c605"},
    {file = "cffi-1.15.0-cp36-cp36m-win32.whl", hash = "sha256:4958391dbd6249d7ad855b9ca88fae690783a6be9e86df65865058ed81fc860e"},
    {file = "cffi-1.15.0-cp36-cp36m-win_amd64.whl", hash = "sha256:f6f824dc3bce0edab5f427efcfb1d63ee75b6fcb7282900ccaf925be84efb0fc"},
    {file = "cffi-1.15.0-cp37-cp37m-macosx_10_9_x86_64.whl", hash = "sha256:06c48159c1abed75c2e721b1715c379fa3200c7784271b3c46df01383b593636"},
    {file = "cffi-1.15.0-cp37-cp37m-manylinux_2_12_i686.manylinux2010_i686.whl", hash = "sha256:c2051981a968d7de9dd2d7b87bcb9c939c74a34626a6e2f8181455dd49ed69e4"},
    {file = "cffi-1.15.0-cp37-cp37m-manylinux_2_12_x86_64.manylinux2010_x86_64.whl", hash = "sha256:fd8a250edc26254fe5b33be00402e6d287f562b6a5b2152dec302fa15bb3e997"},
    {file = "cffi-1.15.0-cp37-cp37m-manylinux_2_17_aarch64.manylinux2014_aarch64.whl", hash = "sha256:91d77d2a782be4274da750752bb1650a97bfd8f291022b379bb8e01c66b4e96b"},
    {file = "cffi-1.15.0-cp37-cp37m-manylinux_2_17_ppc64le.manylinux2014_ppc64le.whl", hash = "sha256:45db3a33139e9c8f7c09234b5784a5e33d31fd6907800b316decad50af323ff2"},
    {file = "cffi-1.15.0-cp37-cp37m-manylinux_2_17_s390x.manylinux2014_s390x.whl", hash = "sha256:263cc3d821c4ab2213cbe8cd8b355a7f72a8324577dc865ef98487c1aeee2bc7"},
    {file = "cffi-1.15.0-cp37-cp37m-win32.whl", hash = "sha256:17771976e82e9f94976180f76468546834d22a7cc404b17c22df2a2c81db0c66"},
    {file = "cffi-1.15.0-cp37-cp37m-win_amd64.whl", hash = "sha256:3415c89f9204ee60cd09b235810be700e993e343a408693e80ce7f6a40108029"},
    {file = "cffi-1.15.0-cp38-cp38-macosx_10_9_x86_64.whl", hash = "sha256:4238e6dab5d6a8ba812de994bbb0a79bddbdf80994e4ce802b6f6f3142fcc880"},
    {file = "cffi-1.15.0-cp38-cp38-manylinux_2_12_i686.manylinux2010_i686.whl", hash = "sha256:0808014eb713677ec1292301ea4c81ad277b6cdf2fdd90fd540af98c0b101d20"},
    {file = "cffi-1.15.0-cp38-cp38-manylinux_2_12_x86_64.manylinux2010_x86_64.whl", hash = "sha256:57e9ac9ccc3101fac9d6014fba037473e4358ef4e89f8e181f8951a2c0162024"},
    {file = "cffi-1.15.0-cp38-cp38-manylinux_2_17_aarch64.manylinux2014_aarch64.whl", hash = "sha256:8b6c2ea03845c9f501ed1313e78de148cd3f6cad741a75d43a29b43da27f2e1e"},
    {file = "cffi-1.15.0-cp38-cp38-manylinux_2_17_ppc64le.manylinux2014_ppc64le.whl", hash = "sha256:10dffb601ccfb65262a27233ac273d552ddc4d8ae1bf93b21c94b8511bffe728"},
    {file = "cffi-1.15.0-cp38-cp38-manylinux_2_17_s390x.manylinux2014_s390x.whl", hash = "sha256:786902fb9ba7433aae840e0ed609f45c7bcd4e225ebb9c753aa39725bb3e6ad6"},
    {file = "cffi-1.15.0-cp38-cp38-win32.whl", hash = "sha256:da5db4e883f1ce37f55c667e5c0de439df76ac4cb55964655906306918e7363c"},
    {file = "cffi-1.15.0-cp38-cp38-win_amd64.whl", hash = "sha256:181dee03b1170ff1969489acf1c26533710231c58f95534e3edac87fff06c443"},
    {file = "cffi-1.15.0-cp39-cp39-macosx_10_9_x86_64.whl", hash = "sha256:45e8636704eacc432a206ac7345a5d3d2c62d95a507ec70d62f23cd91770482a"},
    {file = "cffi-1.15.0-cp39-cp39-macosx_11_0_arm64.whl", hash = "sha256:31fb708d9d7c3f49a60f04cf5b119aeefe5644daba1cd2a0fe389b674fd1de37"},
    {file = "cffi-1.15.0-cp39-cp39-manylinux_2_12_i686.manylinux2010_i686.whl", hash = "sha256:6dc2737a3674b3e344847c8686cf29e500584ccad76204efea14f451d4cc669a"},
    {file = "cffi-1.15.0-cp39-cp39-manylinux_2_12_x86_64.manylinux2010_x86_64.whl", hash = "sha256:74fdfdbfdc48d3f47148976f49fab3251e550a8720bebc99bf1483f5bfb5db3e"},
    {file = "cffi-1.15.0-cp39-cp39-manylinux_2_17_aarch64.manylinux2014_aarch64.whl", hash = "sha256:ffaa5c925128e29efbde7301d8ecaf35c8c60ffbcd6a1ffd3a552177c8e5e796"},
    {file = "cffi-1.15.0-cp39-cp39-manylinux_2_17_ppc64le.manylinux2014_ppc64le.whl", hash = "sha256:3f7d084648d77af029acb79a0ff49a0ad7e9d09057a9bf46596dac9514dc07df"},
    {file = "cffi-1.15.0-cp39-cp39-manylinux_2_17_s390x.manylinux2014_s390x.whl", hash = "sha256:ef1f279350da2c586a69d32fc8733092fd32cc8ac95139a00377841f59a3f8d8"},
    {file = "cffi-1.15.0-cp39-cp39-win32.whl", hash = "sha256:2a23af14f408d53d5e6cd4e3d9a24ff9e05906ad574822a10563efcef137979a"},
    {file = "cffi-1.15.0-cp39-cp39-win_amd64.whl", hash = "sha256:3773c4d81e6e818df2efbc7dd77325ca0dcb688116050fb2b3011218eda36139"},
    {file = "cffi-1.15.0.tar.gz", hash = "sha256:920f0d66a896c2d99f0adbb391f990a84091179542c205fa53ce5787aff87954"},
]
click = [
    {file = "click-8.0.3-py3-none-any.whl", hash = "sha256:353f466495adaeb40b6b5f592f9f91cb22372351c84caeb068132442a4518ef3"},
    {file = "click-8.0.3.tar.gz", hash = "sha256:410e932b050f5eed773c4cda94de75971c89cdb3155a72a0831139a79e5ecb5b"},
]
colorama = [
    {file = "colorama-0.4.4-py2.py3-none-any.whl", hash = "sha256:9f47eda37229f68eee03b24b9748937c7dc3868f906e8ba69fbcbdd3bc5dc3e2"},
    {file = "colorama-0.4.4.tar.gz", hash = "sha256:5941b2b48a20143d2267e95b1c2a7603ce057ee39fd88e7329b0c292aa16869b"},
]
coverage = [
    {file = "coverage-6.3.2-cp310-cp310-macosx_10_9_x86_64.whl", hash = "sha256:9b27d894748475fa858f9597c0ee1d4829f44683f3813633aaf94b19cb5453cf"},
    {file = "coverage-6.3.2-cp310-cp310-macosx_11_0_arm64.whl", hash = "sha256:37d1141ad6b2466a7b53a22e08fe76994c2d35a5b6b469590424a9953155afac"},
    {file = "coverage-6.3.2-cp310-cp310-manylinux_2_17_aarch64.manylinux2014_aarch64.whl", hash = "sha256:f9987b0354b06d4df0f4d3e0ec1ae76d7ce7cbca9a2f98c25041eb79eec766f1"},
    {file = "coverage-6.3.2-cp310-cp310-manylinux_2_5_i686.manylinux1_i686.manylinux_2_17_i686.manylinux2014_i686.whl", hash = "sha256:26e2deacd414fc2f97dd9f7676ee3eaecd299ca751412d89f40bc01557a6b1b4"},
    {file = "coverage-6.3.2-cp310-cp310-manylinux_2_5_x86_64.manylinux1_x86_64.manylinux_2_17_x86_64.manylinux2014_x86_64.whl", hash = "sha256:4dd8bafa458b5c7d061540f1ee9f18025a68e2d8471b3e858a9dad47c8d41903"},
    {file = "coverage-6.3.2-cp310-cp310-musllinux_1_1_aarch64.whl", hash = "sha256:46191097ebc381fbf89bdce207a6c107ac4ec0890d8d20f3360345ff5976155c"},
    {file = "coverage-6.3.2-cp310-cp310-musllinux_1_1_i686.whl", hash = "sha256:6f89d05e028d274ce4fa1a86887b071ae1755082ef94a6740238cd7a8178804f"},
    {file = "coverage-6.3.2-cp310-cp310-musllinux_1_1_x86_64.whl", hash = "sha256:58303469e9a272b4abdb9e302a780072c0633cdcc0165db7eec0f9e32f901e05"},
    {file = "coverage-6.3.2-cp310-cp310-win32.whl", hash = "sha256:2fea046bfb455510e05be95e879f0e768d45c10c11509e20e06d8fcaa31d9e39"},
    {file = "coverage-6.3.2-cp310-cp310-win_amd64.whl", hash = "sha256:a2a8b8bcc399edb4347a5ca8b9b87e7524c0967b335fbb08a83c8421489ddee1"},
    {file = "coverage-6.3.2-cp37-cp37m-macosx_10_9_x86_64.whl", hash = "sha256:f1555ea6d6da108e1999b2463ea1003fe03f29213e459145e70edbaf3e004aaa"},
    {file = "coverage-6.3.2-cp37-cp37m-manylinux_2_17_aarch64.manylinux2014_aarch64.whl", hash = "sha256:e5f4e1edcf57ce94e5475fe09e5afa3e3145081318e5fd1a43a6b4539a97e518"},
    {file = "coverage-6.3.2-cp37-cp37m-manylinux_2_5_i686.manylinux1_i686.manylinux_2_17_i686.manylinux2014_i686.whl", hash = "sha256:7a15dc0a14008f1da3d1ebd44bdda3e357dbabdf5a0b5034d38fcde0b5c234b7"},
    {file = "coverage-6.3.2-cp37-cp37m-manylinux_2_5_x86_64.manylinux1_x86_64.manylinux_2_17_x86_64.manylinux2014_x86_64.whl", hash = "sha256:21b7745788866028adeb1e0eca3bf1101109e2dc58456cb49d2d9b99a8c516e6"},
    {file = "coverage-6.3.2-cp37-cp37m-musllinux_1_1_aarch64.whl", hash = "sha256:8ce257cac556cb03be4a248d92ed36904a59a4a5ff55a994e92214cde15c5bad"},
    {file = "coverage-6.3.2-cp37-cp37m-musllinux_1_1_i686.whl", hash = "sha256:b0be84e5a6209858a1d3e8d1806c46214e867ce1b0fd32e4ea03f4bd8b2e3359"},
    {file = "coverage-6.3.2-cp37-cp37m-musllinux_1_1_x86_64.whl", hash = "sha256:acf53bc2cf7282ab9b8ba346746afe703474004d9e566ad164c91a7a59f188a4"},
    {file = "coverage-6.3.2-cp37-cp37m-win32.whl", hash = "sha256:8bdde1177f2311ee552f47ae6e5aa7750c0e3291ca6b75f71f7ffe1f1dab3dca"},
    {file = "coverage-6.3.2-cp37-cp37m-win_amd64.whl", hash = "sha256:b31651d018b23ec463e95cf10070d0b2c548aa950a03d0b559eaa11c7e5a6fa3"},
    {file = "coverage-6.3.2-cp38-cp38-macosx_10_9_x86_64.whl", hash = "sha256:07e6db90cd9686c767dcc593dff16c8c09f9814f5e9c51034066cad3373b914d"},
    {file = "coverage-6.3.2-cp38-cp38-macosx_11_0_arm64.whl", hash = "sha256:2c6dbb42f3ad25760010c45191e9757e7dce981cbfb90e42feef301d71540059"},
    {file = "coverage-6.3.2-cp38-cp38-manylinux_2_17_aarch64.manylinux2014_aarch64.whl", hash = "sha256:c76aeef1b95aff3905fb2ae2d96e319caca5b76fa41d3470b19d4e4a3a313512"},
    {file = "coverage-6.3.2-cp38-cp38-manylinux_2_5_i686.manylinux1_i686.manylinux_2_17_i686.manylinux2014_i686.whl", hash = "sha256:8cf5cfcb1521dc3255d845d9dca3ff204b3229401994ef8d1984b32746bb45ca"},
    {file = "coverage-6.3.2-cp38-cp38-manylinux_2_5_x86_64.manylinux1_x86_64.manylinux_2_17_x86_64.manylinux2014_x86_64.whl", hash = "sha256:8fbbdc8d55990eac1b0919ca69eb5a988a802b854488c34b8f37f3e2025fa90d"},
    {file = "coverage-6.3.2-cp38-cp38-musllinux_1_1_aarch64.whl", hash = "sha256:ec6bc7fe73a938933d4178c9b23c4e0568e43e220aef9472c4f6044bfc6dd0f0"},
    {file = "coverage-6.3.2-cp38-cp38-musllinux_1_1_i686.whl", hash = "sha256:9baff2a45ae1f17c8078452e9e5962e518eab705e50a0aa8083733ea7d45f3a6"},
    {file = "coverage-6.3.2-cp38-cp38-musllinux_1_1_x86_64.whl", hash = "sha256:fd9e830e9d8d89b20ab1e5af09b32d33e1a08ef4c4e14411e559556fd788e6b2"},
    {file = "coverage-6.3.2-cp38-cp38-win32.whl", hash = "sha256:f7331dbf301b7289013175087636bbaf5b2405e57259dd2c42fdcc9fcc47325e"},
    {file = "coverage-6.3.2-cp38-cp38-win_amd64.whl", hash = "sha256:68353fe7cdf91f109fc7d474461b46e7f1f14e533e911a2a2cbb8b0fc8613cf1"},
    {file = "coverage-6.3.2-cp39-cp39-macosx_10_9_x86_64.whl", hash = "sha256:b78e5afb39941572209f71866aa0b206c12f0109835aa0d601e41552f9b3e620"},
    {file = "coverage-6.3.2-cp39-cp39-macosx_11_0_arm64.whl", hash = "sha256:4e21876082ed887baed0146fe222f861b5815455ada3b33b890f4105d806128d"},
    {file = "coverage-6.3.2-cp39-cp39-manylinux_2_17_aarch64.manylinux2014_aarch64.whl", hash = "sha256:34626a7eee2a3da12af0507780bb51eb52dca0e1751fd1471d0810539cefb536"},
    {file = "coverage-6.3.2-cp39-cp39-manylinux_2_5_i686.manylinux1_i686.manylinux_2_17_i686.manylinux2014_i686.whl", hash = "sha256:1ebf730d2381158ecf3dfd4453fbca0613e16eaa547b4170e2450c9707665ce7"},
    {file = "coverage-6.3.2-cp39-cp39-manylinux_2_5_x86_64.manylinux1_x86_64.manylinux_2_17_x86_64.manylinux2014_x86_64.whl", hash = "sha256:dd6fe30bd519694b356cbfcaca9bd5c1737cddd20778c6a581ae20dc8c04def2"},
    {file = "coverage-6.3.2-cp39-cp39-musllinux_1_1_aarch64.whl", hash = "sha256:96f8a1cb43ca1422f36492bebe63312d396491a9165ed3b9231e778d43a7fca4"},
    {file = "coverage-6.3.2-cp39-cp39-musllinux_1_1_i686.whl", hash = "sha256:dd035edafefee4d573140a76fdc785dc38829fe5a455c4bb12bac8c20cfc3d69"},
    {file = "coverage-6.3.2-cp39-cp39-musllinux_1_1_x86_64.whl", hash = "sha256:5ca5aeb4344b30d0bec47481536b8ba1181d50dbe783b0e4ad03c95dc1296684"},
    {file = "coverage-6.3.2-cp39-cp39-win32.whl", hash = "sha256:f5fa5803f47e095d7ad8443d28b01d48c0359484fec1b9d8606d0e3282084bc4"},
    {file = "coverage-6.3.2-cp39-cp39-win_amd64.whl", hash = "sha256:9548f10d8be799551eb3a9c74bbf2b4934ddb330e08a73320123c07f95cc2d92"},
    {file = "coverage-6.3.2-pp36.pp37.pp38-none-any.whl", hash = "sha256:18d520c6860515a771708937d2f78f63cc47ab3b80cb78e86573b0a760161faf"},
    {file = "coverage-6.3.2.tar.gz", hash = "sha256:03e2a7826086b91ef345ff18742ee9fc47a6839ccd517061ef8fa1976e652ce9"},
]
django = [
    {file = "Django-3.2.13-py3-none-any.whl", hash = "sha256:b896ca61edc079eb6bbaa15cf6071eb69d6aac08cce5211583cfb41515644fdf"},
    {file = "Django-3.2.13.tar.gz", hash = "sha256:6d93497a0a9bf6ba0e0b1a29cccdc40efbfc76297255b1309b3a884a688ec4b6"},
]
flake8 = [
    {file = "flake8-4.0.1-py2.py3-none-any.whl", hash = "sha256:479b1304f72536a55948cb40a32dce8bb0ffe3501e26eaf292c7e60eb5e0428d"},
    {file = "flake8-4.0.1.tar.gz", hash = "sha256:806e034dda44114815e23c16ef92f95c91e4c71100ff52813adf7132a6ad870d"},
]
importlib-metadata = [
    {file = "importlib_metadata-4.2.0-py3-none-any.whl", hash = "sha256:057e92c15bc8d9e8109738a48db0ccb31b4d9d5cfbee5a8670879a30be66304b"},
    {file = "importlib_metadata-4.2.0.tar.gz", hash = "sha256:b7e52a1f8dec14a75ea73e0891f3060099ca1d8e6a462a4dff11c3e119ea1b31"},
]
isort = [
    {file = "isort-5.10.1-py3-none-any.whl", hash = "sha256:6f62d78e2f89b4500b080fe3a81690850cd254227f27f75c3a0c491a1f351ba7"},
    {file = "isort-5.10.1.tar.gz", hash = "sha256:e8443a5e7a020e9d7f97f1d7d9cd17c88bcb3bc7e218bf9cf5095fe550be2951"},
]
markdown2 = [
    {file = "markdown2-2.4.2-py2.py3-none-any.whl", hash = "sha256:8f4ac8d9a124ab408c67361090ed512deda746c04362c36c2ec16190c720c2b0"},
    {file = "markdown2-2.4.2.tar.gz", hash = "sha256:91113caf23aa662570fe21984f08fe74f814695c0a0ea8e863a8b4c4f63f9f6e"},
]
mccabe = [
    {file = "mccabe-0.6.1-py2.py3-none-any.whl", hash = "sha256:ab8a6258860da4b6677da4bd2fe5dc2c659cff31b3ee4f7f5d64e79735b80d42"},
    {file = "mccabe-0.6.1.tar.gz", hash = "sha256:dd8d182285a0fe56bace7f45b5e7d1a6ebcbf524e8f3bd87eb0f125271b8831f"},
]
mypy-extensions = [
    {file = "mypy_extensions-0.4.3-py2.py3-none-any.whl", hash = "sha256:090fedd75945a69ae91ce1303b5824f428daf5a028d2f6ab8a299250a846f15d"},
    {file = "mypy_extensions-0.4.3.tar.gz", hash = "sha256:2d82818f5bb3e369420cb3c4060a7970edba416647068eb4c5343488a6c604a8"},
]
pathspec = [
    {file = "pathspec-0.9.0-py2.py3-none-any.whl", hash = "sha256:7d15c4ddb0b5c802d161efc417ec1a2558ea2653c2e8ad9c19098201dc1c993a"},
    {file = "pathspec-0.9.0.tar.gz", hash = "sha256:e564499435a2673d586f6b2130bb5b95f04a3ba06f81b8f895b651a3c76aabb1"},
]
platformdirs = [
    {file = "platformdirs-2.4.0-py3-none-any.whl", hash = "sha256:8868bbe3c3c80d42f20156f22e7131d2fb321f5bc86a2a345375c6481a67021d"},
    {file = "platformdirs-2.4.0.tar.gz", hash = "sha256:367a5e80b3d04d2428ffa76d33f124cf11e8fff2acdaa9b43d545f5c7d661ef2"},
]
pycodestyle = [
    {file = "pycodestyle-2.8.0-py2.py3-none-any.whl", hash = "sha256:720f8b39dde8b293825e7ff02c475f3077124006db4f440dcbc9a20b76548a20"},
    {file = "pycodestyle-2.8.0.tar.gz", hash = "sha256:eddd5847ef438ea1c7870ca7eb78a9d47ce0cdb4851a5523949f2601d0cbbe7f"},
]
pycparser = [
    {file = "pycparser-2.21-py2.py3-none-any.whl", hash = "sha256:8ee45429555515e1f6b185e78100aea234072576aa43ab53aefcae078162fca9"},
    {file = "pycparser-2.21.tar.gz", hash = "sha256:e644fdec12f7872f86c58ff790da456218b10f863970249516d60a5eaca77206"},
]
pyflakes = [
    {file = "pyflakes-2.4.0-py2.py3-none-any.whl", hash = "sha256:3bb3a3f256f4b7968c9c788781e4ff07dce46bdf12339dcda61053375426ee2e"},
    {file = "pyflakes-2.4.0.tar.gz", hash = "sha256:05a85c2872edf37a4ed30b0cce2f6093e1d0581f8c19d7393122da7e25b2b24c"},
]
pytz = [
    {file = "pytz-2021.3-py2.py3-none-any.whl", hash = "sha256:3672058bc3453457b622aab7a1c3bfd5ab0bdae451512f6cf25f64ed37f5b87c"},
    {file = "pytz-2021.3.tar.gz", hash = "sha256:acad2d8b20a1af07d4e4c9d2e9285c5ed9104354062f275f3fcd88dcef4f1326"},
]
refract = [
    {file = "refract-0.4.0-py2.py3-none-any.whl", hash = "sha256:646235e2a5dbb197968a3c5374a95af6f033808348f4ea6620f2f93e8c53536a"},
    {file = "refract-0.4.0.tar.gz", hash = "sha256:7b607c31bc2f3b40366dd1eb5e193a65a339104087c09954e6be2238ccdd6c69"},
]
sqlparse = [
    {file = "sqlparse-0.4.2-py3-none-any.whl", hash = "sha256:48719e356bb8b42991bdbb1e8b83223757b93789c00910a616a071910ca4a64d"},
    {file = "sqlparse-0.4.2.tar.gz", hash = "sha256:0c00730c74263a94e5a9919ade150dfc3b19c574389985446148402998287dae"},
]
tomli = [
    {file = "tomli-1.2.2-py3-none-any.whl", hash = "sha256:f04066f68f5554911363063a30b108d2b5a5b1a010aa8b6132af78489fe3aade"},
    {file = "tomli-1.2.2.tar.gz", hash = "sha256:c6ce0015eb38820eaf32b5db832dbc26deb3dd427bd5f6556cf0acac2c214fee"},
]
typed-ast = [
    {file = "typed_ast-1.5.1-cp310-cp310-macosx_10_9_x86_64.whl", hash = "sha256:5d8314c92414ce7481eee7ad42b353943679cf6f30237b5ecbf7d835519e1212"},
    {file = "typed_ast-1.5.1-cp310-cp310-macosx_11_0_arm64.whl", hash = "sha256:b53ae5de5500529c76225d18eeb060efbcec90ad5e030713fe8dab0fb4531631"},
    {file = "typed_ast-1.5.1-cp310-cp310-manylinux_2_5_x86_64.manylinux1_x86_64.manylinux_2_12_x86_64.manylinux2010_x86_64.whl", hash = "sha256:24058827d8f5d633f97223f5148a7d22628099a3d2efe06654ce872f46f07cdb"},
    {file = "typed_ast-1.5.1-cp310-cp310-win_amd64.whl", hash = "sha256:a6d495c1ef572519a7bac9534dbf6d94c40e5b6a608ef41136133377bba4aa08"},
    {file = "typed_ast-1.5.1-cp36-cp36m-macosx_10_9_x86_64.whl", hash = "sha256:de4ecae89c7d8b56169473e08f6bfd2df7f95015591f43126e4ea7865928677e"},
    {file = "typed_ast-1.5.1-cp36-cp36m-manylinux_2_5_x86_64.manylinux1_x86_64.manylinux_2_12_x86_64.manylinux2010_x86_64.whl", hash = "sha256:256115a5bc7ea9e665c6314ed6671ee2c08ca380f9d5f130bd4d2c1f5848d695"},
    {file = "typed_ast-1.5.1-cp36-cp36m-win_amd64.whl", hash = "sha256:7c42707ab981b6cf4b73490c16e9d17fcd5227039720ca14abe415d39a173a30"},
    {file = "typed_ast-1.5.1-cp37-cp37m-macosx_10_9_x86_64.whl", hash = "sha256:71dcda943a471d826ea930dd449ac7e76db7be778fcd722deb63642bab32ea3f"},
    {file = "typed_ast-1.5.1-cp37-cp37m-manylinux_2_5_x86_64.manylinux1_x86_64.manylinux_2_12_x86_64.manylinux2010_x86_64.whl", hash = "sha256:4f30a2bcd8e68adbb791ce1567fdb897357506f7ea6716f6bbdd3053ac4d9471"},
    {file = "typed_ast-1.5.1-cp37-cp37m-win_amd64.whl", hash = "sha256:ca9e8300d8ba0b66d140820cf463438c8e7b4cdc6fd710c059bfcfb1531d03fb"},
    {file = "typed_ast-1.5.1-cp38-cp38-macosx_10_9_x86_64.whl", hash = "sha256:9caaf2b440efb39ecbc45e2fabde809cbe56272719131a6318fd9bf08b58e2cb"},
    {file = "typed_ast-1.5.1-cp38-cp38-macosx_11_0_arm64.whl", hash = "sha256:c9bcad65d66d594bffab8575f39420fe0ee96f66e23c4d927ebb4e24354ec1af"},
    {file = "typed_ast-1.5.1-cp38-cp38-manylinux_2_5_x86_64.manylinux1_x86_64.manylinux_2_12_x86_64.manylinux2010_x86_64.whl", hash = "sha256:591bc04e507595887160ed7aa8d6785867fb86c5793911be79ccede61ae96f4d"},
    {file = "typed_ast-1.5.1-cp38-cp38-win_amd64.whl", hash = "sha256:a80d84f535642420dd17e16ae25bb46c7f4c16ee231105e7f3eb43976a89670a"},
    {file = "typed_ast-1.5.1-cp39-cp39-macosx_10_9_x86_64.whl", hash = "sha256:38cf5c642fa808300bae1281460d4f9b7617cf864d4e383054a5ef336e344d32"},
    {file = "typed_ast-1.5.1-cp39-cp39-macosx_11_0_arm64.whl", hash = "sha256:5b6ab14c56bc9c7e3c30228a0a0b54b915b1579613f6e463ba6f4eb1382e7fd4"},
    {file = "typed_ast-1.5.1-cp39-cp39-manylinux_2_5_x86_64.manylinux1_x86_64.manylinux_2_12_x86_64.manylinux2010_x86_64.whl", hash = "sha256:a2b8d7007f6280e36fa42652df47087ac7b0a7d7f09f9468f07792ba646aac2d"},
    {file = "typed_ast-1.5.1-cp39-cp39-win_amd64.whl", hash = "sha256:b6d17f37f6edd879141e64a5db17b67488cfeffeedad8c5cec0392305e9bc775"},
    {file = "typed_ast-1.5.1.tar.gz", hash = "sha256:484137cab8ecf47e137260daa20bafbba5f4e3ec7fda1c1e69ab299b75fa81c5"},
]
typing-extensions = [
    {file = "typing_extensions-4.0.1-py3-none-any.whl", hash = "sha256:7f001e5ac290a0c0401508864c7ec868be4e701886d5b573a9528ed3973d9d3b"},
    {file = "typing_extensions-4.0.1.tar.gz", hash = "sha256:4ca091dea149f945ec56afb48dae714f21e8692ef22a395223bcd328961b6a0e"},
]
zipp = [
    {file = "zipp-3.6.0-py3-none-any.whl", hash = "sha256:9fe5ea21568a0a70e50f273397638d39b03353731e6cbbb3fd8502a33fec40bc"},
    {file = "zipp-3.6.0.tar.gz", hash = "sha256:71c644c5369f4a6e07636f0aa966270449561fcea2e3d6747b8d23efaa9d7832"},
]
